
Microsoft Visual Studio Solution File, Format Version 12.00
# Visual Studio Version 17
VisualStudioVersion = 17.10.35013.160
MinimumVisualStudioVersion = 10.0.40219.1
Project("{FAE04EC0-301F-11D3-BF4B-00C04F79EFBC}") = "FIT5032_Myidentity", "FIT5032_Myidentity.csproj", "{FF9F29BA-3A03-4F1F-946D-66B829E1DF5E}"
EndProject
Global
	GlobalSection(SolutionConfigurationPlatforms) = preSolution
		Debug|Any CPU = Debug|Any CPU
		Release|Any CPU = Release|Any CPU
	EndGlobalSection
	GlobalSection(ProjectConfigurationPlatforms) = postSolution
		{FF9F29BA-3A03-4F1F-946D-66B829E1DF5E}.Debug|Any CPU.ActiveCfg = Debug|Any CPU
		{FF9F29BA-3A03-4F1F-946D-66B829E1DF5E}.Debug|Any CPU.Build.0 = Debug|Any CPU
		{FF9F29BA-3A03-4F1F-946D-66B829E1DF5E}.Release|Any CPU.ActiveCfg = Release|Any CPU
		{FF9F29BA-3A03-4F1F-946D-66B829E1DF5E}.Release|Any CPU.Build.0 = Release|Any CPU
	EndGlobalSection
	GlobalSection(SolutionProperties) = preSolution
		HideSolutionNode = FALSE
	EndGlobalSection
	GlobalSection(ExtensibilityGlobals) = postSolution
		SolutionGuid = {39F177EA-80DD-4700-9E83-D8B6E77C2949}
	EndGlobalSection
EndGlobal
